
Microsoft Visual Studio Solution File, Format Version 12.00
# Visual Studio Version 16
VisualStudioVersion = 16.0.29230.47
MinimumVisualStudioVersion = 10.0.40219.1
Project("{FAE04EC0-301F-11D3-BF4B-00C04F79EFBC}") = "UCL_OOP_I", "E:\Recycle4Points-master\UCL_OOP_I\UCL_OOP_I.csproj", "{735A7D0E-0071-422F-82A9-8EC263C97449}"
EndProject
Global
	GlobalSection(SolutionConfigurationPlatforms) = preSolution
		Debug|Any CPU = Debug|Any CPU
		Release|Any CPU = Release|Any CPU
	EndGlobalSection
	GlobalSection(ProjectConfigurationPlatforms) = postSolution
		{735A7D0E-0071-422F-82A9-8EC263C97449}.Debug|Any CPU.ActiveCfg = Debug|Any CPU
		{735A7D0E-0071-422F-82A9-8EC263C97449}.Debug|Any CPU.Build.0 = Debug|Any CPU
		{735A7D0E-0071-422F-82A9-8EC263C97449}.Release|Any CPU.ActiveCfg = Release|Any CPU
		{735A7D0E-0071-422F-82A9-8EC263C97449}.Release|Any CPU.Build.0 = Release|Any CPU
	EndGlobalSection
	GlobalSection(SolutionProperties) = preSolution
		HideSolutionNode = FALSE
	EndGlobalSection
	GlobalSection(ExtensibilityGlobals) = postSolution
		SolutionGuid = {A697C566-01FB-4816-ABB2-5B3D940D1516}
	EndGlobalSection
EndGlobal
